
Microsoft Visual Studio Solution File, Format Version 12.00
# Visual Studio 14
VisualStudioVersion = 14.0.24720.0
MinimumVisualStudioVersion = 10.0.40219.1
Project("{2150E333-8FDC-42A3-9474-1A3956D46DE8}") = "src", "src", "{1320F88D-B5AB-4542-A769-7349650E8A9E}"
EndProject
Project("{2150E333-8FDC-42A3-9474-1A3956D46DE8}") = "Solution Items", "Solution Items", "{F5725215-8456-462C-8167-7720D6FCE2CA}"
	ProjectSection(SolutionItems) = preProject
		global.json = global.json
		NuGet.config = NuGet.config
	EndProjectSection
EndProject
Project("{2150E333-8FDC-42A3-9474-1A3956D46DE8}") = "test", "test", "{E507849E-3D9A-476F-B889-5EDDB24EF2FE}"
EndProject
Project("{8BB2217D-0F2D-49D1-97BC-3654ED321F3B}") = "Mano", "src\Mano\Mano.xproj", "{F9585EED-B296-4D74-ADCC-8F18CA9F0463}"
EndProject
Project("{8BB2217D-0F2D-49D1-97BC-3654ED321F3B}") = "Mano.Parser", "src\Mano.Parser\Mano.Parser.xproj", "{388103BA-3A7B-4524-A250-16FE96EE7169}"
EndProject
Project("{8BB2217D-0F2D-49D1-97BC-3654ED321F3B}") = "Mano.Parser.Tests", "test\Mano.Parser.Tests\Mano.Parser.Tests.xproj", "{82C64B86-39D0-43A6-8853-27C930143BFB}"
EndProject
Project("{8BB2217D-0F2D-49D1-97BC-3654ED321F3B}") = "Mano.Node", "src\Mano.Node\Mano.Node.xproj", "{27BB16A0-0406-425D-8F2B-273AC91D2329}"
EndProject
Global
	GlobalSection(SolutionConfigurationPlatforms) = preSolution
		Debug|Any CPU = Debug|Any CPU
		Release|Any CPU = Release|Any CPU
	EndGlobalSection
	GlobalSection(ProjectConfigurationPlatforms) = postSolution
		{F9585EED-B296-4D74-ADCC-8F18CA9F0463}.Debug|Any CPU.ActiveCfg = Debug|Any CPU
		{F9585EED-B296-4D74-ADCC-8F18CA9F0463}.Debug|Any CPU.Build.0 = Debug|Any CPU
		{F9585EED-B296-4D74-ADCC-8F18CA9F0463}.Release|Any CPU.ActiveCfg = Release|Any CPU
		{F9585EED-B296-4D74-ADCC-8F18CA9F0463}.Release|Any CPU.Build.0 = Release|Any CPU
		{388103BA-3A7B-4524-A250-16FE96EE7169}.Debug|Any CPU.ActiveCfg = Debug|Any CPU
		{388103BA-3A7B-4524-A250-16FE96EE7169}.Debug|Any CPU.Build.0 = Debug|Any CPU
		{388103BA-3A7B-4524-A250-16FE96EE7169}.Release|Any CPU.ActiveCfg = Release|Any CPU
		{388103BA-3A7B-4524-A250-16FE96EE7169}.Release|Any CPU.Build.0 = Release|Any CPU
		{82C64B86-39D0-43A6-8853-27C930143BFB}.Debug|Any CPU.ActiveCfg = Debug|Any CPU
		{82C64B86-39D0-43A6-8853-27C930143BFB}.Debug|Any CPU.Build.0 = Debug|Any CPU
		{82C64B86-39D0-43A6-8853-27C930143BFB}.Release|Any CPU.ActiveCfg = Release|Any CPU
		{82C64B86-39D0-43A6-8853-27C930143BFB}.Release|Any CPU.Build.0 = Release|Any CPU
		{27BB16A0-0406-425D-8F2B-273AC91D2329}.Debug|Any CPU.ActiveCfg = Debug|Any CPU
		{27BB16A0-0406-425D-8F2B-273AC91D2329}.Debug|Any CPU.Build.0 = Debug|Any CPU
		{27BB16A0-0406-425D-8F2B-273AC91D2329}.Release|Any CPU.ActiveCfg = Release|Any CPU
		{27BB16A0-0406-425D-8F2B-273AC91D2329}.Release|Any CPU.Build.0 = Release|Any CPU
	EndGlobalSection
	GlobalSection(SolutionProperties) = preSolution
		HideSolutionNode = FALSE
	EndGlobalSection
	GlobalSection(NestedProjects) = preSolution
		{F9585EED-B296-4D74-ADCC-8F18CA9F0463} = {1320F88D-B5AB-4542-A769-7349650E8A9E}
		{388103BA-3A7B-4524-A250-16FE96EE7169} = {1320F88D-B5AB-4542-A769-7349650E8A9E}
		{82C64B86-39D0-43A6-8853-27C930143BFB} = {E507849E-3D9A-476F-B889-5EDDB24EF2FE}
		{27BB16A0-0406-425D-8F2B-273AC91D2329} = {1320F88D-B5AB-4542-A769-7349650E8A9E}
	EndGlobalSection
EndGlobal
